
Microsoft Visual Studio Solution File, Format Version 12.00
# Visual Studio 15
VisualStudioVersion = 15.0.26430.16
MinimumVisualStudioVersion = 10.0.40219.1
Project("{FAE04EC0-301F-11D3-BF4B-00C04F79EFBC}") = "Exercicio01Aula02", "ExerciciosAula02\Exercicio01Aula02.csproj", "{06917D8A-AA27-476B-84BB-9024DA6DB56F}"
EndProject
Project("{FAE04EC0-301F-11D3-BF4B-00C04F79EFBC}") = "Exercicio02Aula02", "Exercicio02Aula02\Exercicio02Aula02.csproj", "{0A1B69CC-7DE3-4190-BF62-3F8033436243}"
EndProject
Project("{FAE04EC0-301F-11D3-BF4B-00C04F79EFBC}") = "Exercicio03Aula02", "Exercicio03Aula02\Exercicio03Aula02.csproj", "{47ABE995-08A7-41A7-BA5D-467740E10F88}"
EndProject
Project("{FAE04EC0-301F-11D3-BF4B-00C04F79EFBC}") = "Exercicio04Aula02", "Exercicio04Aula02\Exercicio04Aula02.csproj", "{78A6DB76-FEC4-42F0-AF41-12464F58D1E1}"
EndProject
Project("{FAE04EC0-301F-11D3-BF4B-00C04F79EFBC}") = "Exercicio01Aula03", "Exercicio01Aula03\Exercicio01Aula03.csproj", "{0265B246-2C50-4610-BC4E-AE1A1EE459FF}"
EndProject
Project("{FAE04EC0-301F-11D3-BF4B-00C04F79EFBC}") = "Exercicio02Aula03", "Exercicio02Aula03\Exercicio02Aula03.csproj", "{8F0DBECA-D185-4A22-BAAD-4CDF4D579600}"
EndProject
Project("{2150E333-8FDC-42A3-9474-1A3956D46DE8}") = "Aula02", "Aula02", "{45A3B11F-FA28-4184-B70E-5BBB1FC747F7}"
EndProject
Project("{2150E333-8FDC-42A3-9474-1A3956D46DE8}") = "Aula03", "Aula03", "{FB34A002-EC46-47E6-9AD8-0AD9362030DF}"
EndProject
Project("{FAE04EC0-301F-11D3-BF4B-00C04F79EFBC}") = "Exercicio03Aula03", "Exercicio03Aula03\Exercicio03Aula03.csproj", "{260E9666-EACD-4C58-8767-CCF349802632}"
EndProject
Project("{FAE04EC0-301F-11D3-BF4B-00C04F79EFBC}") = "Exercicio04Aula03", "Exercicio04Aula03\Exercicio04Aula03.csproj", "{C72D92F7-5C6B-4ADB-A192-E0545D480280}"
EndProject
Project("{FAE04EC0-301F-11D3-BF4B-00C04F79EFBC}") = "Exercicio05Aula03", "Exercicio05Aula03\Exercicio05Aula03.csproj", "{A67D6C6B-09A2-4EE8-A3C6-06BAC8965B88}"
EndProject
Project("{FAE04EC0-301F-11D3-BF4B-00C04F79EFBC}") = "Exercicio06Aula03", "Exercicio06Aula03\Exercicio06Aula03.csproj", "{053560A7-0BB0-42FA-95C9-C67DB654F073}"
EndProject
Global
	GlobalSection(SolutionConfigurationPlatforms) = preSolution
		Debug|Any CPU = Debug|Any CPU
		Release|Any CPU = Release|Any CPU
	EndGlobalSection
	GlobalSection(ProjectConfigurationPlatforms) = postSolution
		{06917D8A-AA27-476B-84BB-9024DA6DB56F}.Debug|Any CPU.ActiveCfg = Debug|Any CPU
		{06917D8A-AA27-476B-84BB-9024DA6DB56F}.Debug|Any CPU.Build.0 = Debug|Any CPU
		{06917D8A-AA27-476B-84BB-9024DA6DB56F}.Release|Any CPU.ActiveCfg = Release|Any CPU
		{06917D8A-AA27-476B-84BB-9024DA6DB56F}.Release|Any CPU.Build.0 = Release|Any CPU
		{0A1B69CC-7DE3-4190-BF62-3F8033436243}.Debug|Any CPU.ActiveCfg = Debug|Any CPU
		{0A1B69CC-7DE3-4190-BF62-3F8033436243}.Debug|Any CPU.Build.0 = Debug|Any CPU
		{0A1B69CC-7DE3-4190-BF62-3F8033436243}.Release|Any CPU.ActiveCfg = Release|Any CPU
		{0A1B69CC-7DE3-4190-BF62-3F8033436243}.Release|Any CPU.Build.0 = Release|Any CPU
		{47ABE995-08A7-41A7-BA5D-467740E10F88}.Debug|Any CPU.ActiveCfg = Debug|Any CPU
		{47ABE995-08A7-41A7-BA5D-467740E10F88}.Debug|Any CPU.Build.0 = Debug|Any CPU
		{47ABE995-08A7-41A7-BA5D-467740E10F88}.Release|Any CPU.ActiveCfg = Release|Any CPU
		{47ABE995-08A7-41A7-BA5D-467740E10F88}.Release|Any CPU.Build.0 = Release|Any CPU
		{78A6DB76-FEC4-42F0-AF41-12464F58D1E1}.Debug|Any CPU.ActiveCfg = Debug|Any CPU
		{78A6DB76-FEC4-42F0-AF41-12464F58D1E1}.Debug|Any CPU.Build.0 = Debug|Any CPU
		{78A6DB76-FEC4-42F0-AF41-12464F58D1E1}.Release|Any CPU.ActiveCfg = Release|Any CPU
		{78A6DB76-FEC4-42F0-AF41-12464F58D1E1}.Release|Any CPU.Build.0 = Release|Any CPU
		{0265B246-2C50-4610-BC4E-AE1A1EE459FF}.Debug|Any CPU.ActiveCfg = Debug|Any CPU
		{0265B246-2C50-4610-BC4E-AE1A1EE459FF}.Debug|Any CPU.Build.0 = Debug|Any CPU
		{0265B246-2C50-4610-BC4E-AE1A1EE459FF}.Release|Any CPU.ActiveCfg = Release|Any CPU
		{0265B246-2C50-4610-BC4E-AE1A1EE459FF}.Release|Any CPU.Build.0 = Release|Any CPU
		{8F0DBECA-D185-4A22-BAAD-4CDF4D579600}.Debug|Any CPU.ActiveCfg = Debug|Any CPU
		{8F0DBECA-D185-4A22-BAAD-4CDF4D579600}.Debug|Any CPU.Build.0 = Debug|Any CPU
		{8F0DBECA-D185-4A22-BAAD-4CDF4D579600}.Release|Any CPU.ActiveCfg = Release|Any CPU
		{8F0DBECA-D185-4A22-BAAD-4CDF4D579600}.Release|Any CPU.Build.0 = Release|Any CPU
		{260E9666-EACD-4C58-8767-CCF349802632}.Debug|Any CPU.ActiveCfg = Debug|Any CPU
		{260E9666-EACD-4C58-8767-CCF349802632}.Debug|Any CPU.Build.0 = Debug|Any CPU
		{260E9666-EACD-4C58-8767-CCF349802632}.Release|Any CPU.ActiveCfg = Release|Any CPU
		{260E9666-EACD-4C58-8767-CCF349802632}.Release|Any CPU.Build.0 = Release|Any CPU
		{C72D92F7-5C6B-4ADB-A192-E0545D480280}.Debug|Any CPU.ActiveCfg = Debug|Any CPU
		{C72D92F7-5C6B-4ADB-A192-E0545D480280}.Debug|Any CPU.Build.0 = Debug|Any CPU
		{C72D92F7-5C6B-4ADB-A192-E0545D480280}.Release|Any CPU.ActiveCfg = Release|Any CPU
		{C72D92F7-5C6B-4ADB-A192-E0545D480280}.Release|Any CPU.Build.0 = Release|Any CPU
		{A67D6C6B-09A2-4EE8-A3C6-06BAC8965B88}.Debug|Any CPU.ActiveCfg = Debug|Any CPU
		{A67D6C6B-09A2-4EE8-A3C6-06BAC8965B88}.Debug|Any CPU.Build.0 = Debug|Any CPU
		{A67D6C6B-09A2-4EE8-A3C6-06BAC8965B88}.Release|Any CPU.ActiveCfg = Release|Any CPU
		{A67D6C6B-09A2-4EE8-A3C6-06BAC8965B88}.Release|Any CPU.Build.0 = Release|Any CPU
		{053560A7-0BB0-42FA-95C9-C67DB654F073}.Debug|Any CPU.ActiveCfg = Debug|Any CPU
		{053560A7-0BB0-42FA-95C9-C67DB654F073}.Debug|Any CPU.Build.0 = Debug|Any CPU
		{053560A7-0BB0-42FA-95C9-C67DB654F073}.Release|Any CPU.ActiveCfg = Release|Any CPU
		{053560A7-0BB0-42FA-95C9-C67DB654F073}.Release|Any CPU.Build.0 = Release|Any CPU
	EndGlobalSection
	GlobalSection(SolutionProperties) = preSolution
		HideSolutionNode = FALSE
	EndGlobalSection
	GlobalSection(NestedProjects) = preSolution
		{06917D8A-AA27-476B-84BB-9024DA6DB56F} = {45A3B11F-FA28-4184-B70E-5BBB1FC747F7}
		{0A1B69CC-7DE3-4190-BF62-3F8033436243} = {45A3B11F-FA28-4184-B70E-5BBB1FC747F7}
		{47ABE995-08A7-41A7-BA5D-467740E10F88} = {45A3B11F-FA28-4184-B70E-5BBB1FC747F7}
		{78A6DB76-FEC4-42F0-AF41-12464F58D1E1} = {45A3B11F-FA28-4184-B70E-5BBB1FC747F7}
		{0265B246-2C50-4610-BC4E-AE1A1EE459FF} = {FB34A002-EC46-47E6-9AD8-0AD9362030DF}
		{8F0DBECA-D185-4A22-BAAD-4CDF4D579600} = {FB34A002-EC46-47E6-9AD8-0AD9362030DF}
		{260E9666-EACD-4C58-8767-CCF349802632} = {FB34A002-EC46-47E6-9AD8-0AD9362030DF}
		{C72D92F7-5C6B-4ADB-A192-E0545D480280} = {FB34A002-EC46-47E6-9AD8-0AD9362030DF}
		{A67D6C6B-09A2-4EE8-A3C6-06BAC8965B88} = {FB34A002-EC46-47E6-9AD8-0AD9362030DF}
		{053560A7-0BB0-42FA-95C9-C67DB654F073} = {FB34A002-EC46-47E6-9AD8-0AD9362030DF}
	EndGlobalSection
EndGlobal
